uuid: 7fc1d2ae-66d6-48b3-b582-8c8a2c521f07
langcode: en
status: true
dependencies:
  module:
    - social_group
    - system
  theme:
    - socialbase
id: group_add_topic_block
theme: socialbase
region: complementary_top
weight: -95
provider: null
plugin: group_add_topic_block
settings:
  id: group_add_topic_block
  label: 'Group add topic block'
  provider: social_group
  label_display: '0'
visibility:
  request_path:
    id: request_path
    pages: '/group/*/topics'
    negate: false
    context_mapping: {  }
